
Microsoft Visual Studio Solution File, Format Version 12.00
# Visual Studio Version 17
VisualStudioVersion = 17.9.34607.119
MinimumVisualStudioVersion = 10.0.40219.1
Project("{8BC9CEB8-8B4A-11D0-8D11-00A0C91BC942}") = "Project70", "Project70\Project70.vcxproj", "{FDCCBFF5-439F-4A3F-97B5-0CFE5E4A1A50}"
EndProject
Global
	GlobalSection(SolutionConfigurationPlatforms) = preSolution
		Debug|x64 = Debug|x64
		Debug|x86 = Debug|x86
		Release|x64 = Release|x64
		Release|x86 = Release|x86
	EndGlobalSection
	GlobalSection(ProjectConfigurationPlatforms) = postSolution
		{FDCCBFF5-439F-4A3F-97B5-0CFE5E4A1A50}.Debug|x64.ActiveCfg = Debug|x64
		{FDCCBFF5-439F-4A3F-97B5-0CFE5E4A1A50}.Debug|x64.Build.0 = Debug|x64
		{FDCCBFF5-439F-4A3F-97B5-0CFE5E4A1A50}.Debug|x86.ActiveCfg = Debug|Win32
		{FDCCBFF5-439F-4A3F-97B5-0CFE5E4A1A50}.Debug|x86.Build.0 = Debug|Win32
		{FDCCBFF5-439F-4A3F-97B5-0CFE5E4A1A50}.Release|x64.ActiveCfg = Release|x64
		{FDCCBFF5-439F-4A3F-97B5-0CFE5E4A1A50}.Release|x64.Build.0 = Release|x64
		{FDCCBFF5-439F-4A3F-97B5-0CFE5E4A1A50}.Release|x86.ActiveCfg = Release|Win32
		{FDCCBFF5-439F-4A3F-97B5-0CFE5E4A1A50}.Release|x86.Build.0 = Release|Win32
	EndGlobalSection
	GlobalSection(SolutionProperties) = preSolution
		HideSolutionNode = FALSE
	EndGlobalSection
	GlobalSection(ExtensibilityGlobals) = postSolution
		SolutionGuid = {73A6933C-FA47-4D18-8D6E-8835EFBBDBB4}
	EndGlobalSection
EndGlobal
