
Microsoft Visual Studio Solution File, Format Version 12.00
# Visual Studio Version 17
VisualStudioVersion = 17.9.34607.119
MinimumVisualStudioVersion = 10.0.40219.1
Project("{8BC9CEB8-8B4A-11D0-8D11-00A0C91BC942}") = "Project17_1", "Project17_1\Project17_1.vcxproj", "{DFEFCCC4-8815-40A3-8D6C-AF4CECF5A037}"
EndProject
Global
	GlobalSection(SolutionConfigurationPlatforms) = preSolution
		Debug|x64 = Debug|x64
		Debug|x86 = Debug|x86
		Release|x64 = Release|x64
		Release|x86 = Release|x86
	EndGlobalSection
	GlobalSection(ProjectConfigurationPlatforms) = postSolution
		{DFEFCCC4-8815-40A3-8D6C-AF4CECF5A037}.Debug|x64.ActiveCfg = Debug|x64
		{DFEFCCC4-8815-40A3-8D6C-AF4CECF5A037}.Debug|x64.Build.0 = Debug|x64
		{DFEFCCC4-8815-40A3-8D6C-AF4CECF5A037}.Debug|x86.ActiveCfg = Debug|Win32
		{DFEFCCC4-8815-40A3-8D6C-AF4CECF5A037}.Debug|x86.Build.0 = Debug|Win32
		{DFEFCCC4-8815-40A3-8D6C-AF4CECF5A037}.Release|x64.ActiveCfg = Release|x64
		{DFEFCCC4-8815-40A3-8D6C-AF4CECF5A037}.Release|x64.Build.0 = Release|x64
		{DFEFCCC4-8815-40A3-8D6C-AF4CECF5A037}.Release|x86.ActiveCfg = Release|Win32
		{DFEFCCC4-8815-40A3-8D6C-AF4CECF5A037}.Release|x86.Build.0 = Release|Win32
	EndGlobalSection
	GlobalSection(SolutionProperties) = preSolution
		HideSolutionNode = FALSE
	EndGlobalSection
	GlobalSection(ExtensibilityGlobals) = postSolution
		SolutionGuid = {999EA9CB-4E7E-488F-85F8-2F1E4A8ABF72}
	EndGlobalSection
EndGlobal
