
Microsoft Visual Studio Solution File, Format Version 12.00
# Visual Studio Version 17
VisualStudioVersion = 17.9.34607.119
MinimumVisualStudioVersion = 10.0.40219.1
Project("{8BC9CEB8-8B4A-11D0-8D11-00A0C91BC942}") = "Project67", "Project67\Project67.vcxproj", "{C7FDD610-6DAC-4473-A3BB-67DBA3AFDD45}"
EndProject
Global
	GlobalSection(SolutionConfigurationPlatforms) = preSolution
		Debug|x64 = Debug|x64
		Debug|x86 = Debug|x86
		Release|x64 = Release|x64
		Release|x86 = Release|x86
	EndGlobalSection
	GlobalSection(ProjectConfigurationPlatforms) = postSolution
		{C7FDD610-6DAC-4473-A3BB-67DBA3AFDD45}.Debug|x64.ActiveCfg = Debug|x64
		{C7FDD610-6DAC-4473-A3BB-67DBA3AFDD45}.Debug|x64.Build.0 = Debug|x64
		{C7FDD610-6DAC-4473-A3BB-67DBA3AFDD45}.Debug|x86.ActiveCfg = Debug|Win32
		{C7FDD610-6DAC-4473-A3BB-67DBA3AFDD45}.Debug|x86.Build.0 = Debug|Win32
		{C7FDD610-6DAC-4473-A3BB-67DBA3AFDD45}.Release|x64.ActiveCfg = Release|x64
		{C7FDD610-6DAC-4473-A3BB-67DBA3AFDD45}.Release|x64.Build.0 = Release|x64
		{C7FDD610-6DAC-4473-A3BB-67DBA3AFDD45}.Release|x86.ActiveCfg = Release|Win32
		{C7FDD610-6DAC-4473-A3BB-67DBA3AFDD45}.Release|x86.Build.0 = Release|Win32
	EndGlobalSection
	GlobalSection(SolutionProperties) = preSolution
		HideSolutionNode = FALSE
	EndGlobalSection
	GlobalSection(ExtensibilityGlobals) = postSolution
		SolutionGuid = {F8BFD10D-527C-4B74-915A-EA0085CFA567}
	EndGlobalSection
EndGlobal
